
Microsoft Visual Studio Solution File, Format Version 12.00
# Visual Studio 15
Project("{FAE04EC0-301F-11D3-BF4B-00C04F79EFBC}") = "Unity.2D.Tilemap.Editor", "Unity.2D.Tilemap.Editor.csproj", "{F2F0A77C-C5D4-F634-4720-84C5E003A5EB}"
EndProject
Project("{FAE04EC0-301F-11D3-BF4B-00C04F79EFBC}") = "Unity.Multiplayer.Center.Editor", "Unity.Multiplayer.Center.Editor.csproj", "{039B449F-F131-B010-97F6-2D1FA20E9F40}"
EndProject
Project("{FAE04EC0-301F-11D3-BF4B-00C04F79EFBC}") = "UnityEngine.TestRunner", "UnityEngine.TestRunner.csproj", "{7FBDC6BA-C3E9-47AC-CD6C-0827F9DD3698}"
EndProject
Project("{FAE04EC0-301F-11D3-BF4B-00C04F79EFBC}") = "UnityEditor.TestRunner", "UnityEditor.TestRunner.csproj", "{71BCF348-96C4-A0E1-7594-6C27411F05F6}"
EndProject
Project("{FAE04EC0-301F-11D3-BF4B-00C04F79EFBC}") = "Assembly-CSharp", "Assembly-CSharp.csproj", "{6D476E09-9C99-1327-6143-C78F00437F47}"
EndProject
Project("{FAE04EC0-301F-11D3-BF4B-00C04F79EFBC}") = "Unity.2D.Sprite.Editor", "Unity.2D.Sprite.Editor.csproj", "{9129E7E7-13FD-9F15-7719-5D9B8E072C02}"
EndProject
Project("{FAE04EC0-301F-11D3-BF4B-00C04F79EFBC}") = "Unity.Multiplayer.Center.Common", "Unity.Multiplayer.Center.Common.csproj", "{055710B7-6C99-5FCF-D231-7A91FC88857A}"
EndProject
Global
	GlobalSection(SolutionConfigurationPlatforms) = preSolution
		Debug|Any CPU = Debug|Any CPU
		Release|Any CPU = Release|Any CPU
	EndGlobalSection
	GlobalSection(ProjectConfigurationPlatforms) = postSolution
		{F2F0A77C-C5D4-F634-4720-84C5E003A5EB}.Debug|Any CPU.ActiveCfg = Debug|Any CPU
		{F2F0A77C-C5D4-F634-4720-84C5E003A5EB}.Debug|Any CPU.Build.0 = Debug|Any CPU
		{F2F0A77C-C5D4-F634-4720-84C5E003A5EB}.Release|Any CPU.ActiveCfg = Release|Any CPU
		{F2F0A77C-C5D4-F634-4720-84C5E003A5EB}.Release|Any CPU.Build.0 = Release|Any CPU
		{039B449F-F131-B010-97F6-2D1FA20E9F40}.Debug|Any CPU.ActiveCfg = Debug|Any CPU
		{039B449F-F131-B010-97F6-2D1FA20E9F40}.Debug|Any CPU.Build.0 = Debug|Any CPU
		{039B449F-F131-B010-97F6-2D1FA20E9F40}.Release|Any CPU.ActiveCfg = Release|Any CPU
		{039B449F-F131-B010-97F6-2D1FA20E9F40}.Release|Any CPU.Build.0 = Release|Any CPU
		{7FBDC6BA-C3E9-47AC-CD6C-0827F9DD3698}.Debug|Any CPU.ActiveCfg = Debug|Any CPU
		{7FBDC6BA-C3E9-47AC-CD6C-0827F9DD3698}.Debug|Any CPU.Build.0 = Debug|Any CPU
		{7FBDC6BA-C3E9-47AC-CD6C-0827F9DD3698}.Release|Any CPU.ActiveCfg = Release|Any CPU
		{7FBDC6BA-C3E9-47AC-CD6C-0827F9DD3698}.Release|Any CPU.Build.0 = Release|Any CPU
		{71BCF348-96C4-A0E1-7594-6C27411F05F6}.Debug|Any CPU.ActiveCfg = Debug|Any CPU
		{71BCF348-96C4-A0E1-7594-6C27411F05F6}.Debug|Any CPU.Build.0 = Debug|Any CPU
		{71BCF348-96C4-A0E1-7594-6C27411F05F6}.Release|Any CPU.ActiveCfg = Release|Any CPU
		{71BCF348-96C4-A0E1-7594-6C27411F05F6}.Release|Any CPU.Build.0 = Release|Any CPU
		{6D476E09-9C99-1327-6143-C78F00437F47}.Debug|Any CPU.ActiveCfg = Debug|Any CPU
		{6D476E09-9C99-1327-6143-C78F00437F47}.Debug|Any CPU.Build.0 = Debug|Any CPU
		{6D476E09-9C99-1327-6143-C78F00437F47}.Release|Any CPU.ActiveCfg = Release|Any CPU
		{6D476E09-9C99-1327-6143-C78F00437F47}.Release|Any CPU.Build.0 = Release|Any CPU
		{9129E7E7-13FD-9F15-7719-5D9B8E072C02}.Debug|Any CPU.ActiveCfg = Debug|Any CPU
		{9129E7E7-13FD-9F15-7719-5D9B8E072C02}.Debug|Any CPU.Build.0 = Debug|Any CPU
		{9129E7E7-13FD-9F15-7719-5D9B8E072C02}.Release|Any CPU.ActiveCfg = Release|Any CPU
		{9129E7E7-13FD-9F15-7719-5D9B8E072C02}.Release|Any CPU.Build.0 = Release|Any CPU
		{055710B7-6C99-5FCF-D231-7A91FC88857A}.Debug|Any CPU.ActiveCfg = Debug|Any CPU
		{055710B7-6C99-5FCF-D231-7A91FC88857A}.Debug|Any CPU.Build.0 = Debug|Any CPU
		{055710B7-6C99-5FCF-D231-7A91FC88857A}.Release|Any CPU.ActiveCfg = Release|Any CPU
		{055710B7-6C99-5FCF-D231-7A91FC88857A}.Release|Any CPU.Build.0 = Release|Any CPU
	EndGlobalSection
	GlobalSection(SolutionProperties) = preSolution
		HideSolutionNode = FALSE
	EndGlobalSection
EndGlobal
